
Microsoft Visual Studio Solution File, Format Version 12.00
# Visual Studio 15
VisualStudioVersion = 15.0.28010.2003
MinimumVisualStudioVersion = 10.0.40219.1
Project("{FAE04EC0-301F-11D3-BF4B-00C04F79EFBC}") = "Semana11-NET", "Semana11-NET\Semana11-NET.csproj", "{59BB911A-E675-4D03-9EA7-E475008801BC}"
EndProject
Global
	GlobalSection(SolutionConfigurationPlatforms) = preSolution
		Debug|Any CPU = Debug|Any CPU
		Release|Any CPU = Release|Any CPU
	EndGlobalSection
	GlobalSection(ProjectConfigurationPlatforms) = postSolution
		{59BB911A-E675-4D03-9EA7-E475008801BC}.Debug|Any CPU.ActiveCfg = Debug|Any CPU
		{59BB911A-E675-4D03-9EA7-E475008801BC}.Debug|Any CPU.Build.0 = Debug|Any CPU
		{59BB911A-E675-4D03-9EA7-E475008801BC}.Release|Any CPU.ActiveCfg = Release|Any CPU
		{59BB911A-E675-4D03-9EA7-E475008801BC}.Release|Any CPU.Build.0 = Release|Any CPU
	EndGlobalSection
	GlobalSection(SolutionProperties) = preSolution
		HideSolutionNode = FALSE
	EndGlobalSection
	GlobalSection(ExtensibilityGlobals) = postSolution
		SolutionGuid = {E3836825-EEC5-4801-867C-51DDE18D1C29}
	EndGlobalSection
EndGlobal
